# THIS IS AN AUTOGENERATED FILE. DO NOT EDIT THIS FILE DIRECTLY.
# yarn lockfile v1


electron-context-menu@^0.9.1:
  version "0.9.1"
  resolved "https://registry.yarnpkg.com/electron-context-menu/-/electron-context-menu-0.9.1.tgz#ed4df20c080491c3c996abfcb363159946a38058"
  dependencies:
    electron-dl "^1.2.0"
    electron-is-dev "^0.1.1"

electron-dl@^1.2.0:
  version "1.9.0"
  resolved "https://registry.yarnpkg.com/electron-dl/-/electron-dl-1.9.0.tgz#1f306e30b6e590b296ce284ffab14f1a544497c7"
  dependencies:
    pupa "^1.0.0"
    unused-filename "^0.1.0"

electron-is-dev@^0.1.1, electron-is-dev@^0.1.2:
  version "0.1.2"
  resolved "https://registry.yarnpkg.com/electron-is-dev/-/electron-is-dev-0.1.2.tgz#8a1043e32b3a1da1c3f553dce28ce764246167e3"

modify-filename@^1.1.0:
  version "1.1.0"
  resolved "https://registry.yarnpkg.com/modify-filename/-/modify-filename-1.1.0.tgz#9a2dec83806fbb2d975f22beec859ca26b393aa1"

path-exists@^3.0.0:
  version "3.0.0"
  resolved "https://registry.yarnpkg.com/path-exists/-/path-exists-3.0.0.tgz#ce0ebeaa5f78cb18925ea7d810d7b59b010fd515"

pupa@^1.0.0:
  version "1.0.0"
  resolved "https://registry.yarnpkg.com/pupa/-/pupa-1.0.0.tgz#9a9568a5af7e657b8462a6e9d5328743560ceff6"

unused-filename@^0.1.0:
  version "0.1.0"
  resolved "https://registry.yarnpkg.com/unused-filename/-/unused-filename-0.1.0.tgz#e5f33bc9e4a63f87f64d3c11d31979def5d2e7fb"
  dependencies:
    modify-filename "^1.1.0"
    path-exists "^3.0.0"
